// !$*UTF8*$!
{
	archiveVersion = 1;
	classes = {
	};
	objectVersion = 48;
	objects = {

/* Begin PBXBuildFile section */
		8415A28D1F9BE1E000E6F7FF /* AppDelegate.swift in Sources */ = {isa = PBXBuildFile; fileRef = 8415A28C1F9BE1E000E6F7FF /* AppDelegate.swift */; };
		8415A28F1F9BE1E000E6F7FF /* IntroductionViewController.swift in Sources */ = {isa = PBXBuildFile; fileRef = 8415A28E1F9BE1E000E6F7FF /* IntroductionViewController.swift */; };
		8415A2921F9BE1E000E6F7FF /* Main.storyboard in Resources */ = {isa = PBXBuildFile; fileRef = 8415A2901F9BE1E000E6F7FF /* Main.storyboard */; };
		8415A2941F9BE1E000E6F7FF /* Assets.xcassets in Resources */ = {isa = PBXBuildFile; fileRef = 8415A2931F9BE1E000E6F7FF /* Assets.xcassets */; };
		8415A2971F9BE1E000E6F7FF /* LaunchScreen.storyboard in Resources */ = {isa = PBXBuildFile; fileRef = 8415A2951F9BE1E000E6F7FF /* LaunchScreen.storyboard */; };
		8415A2A21F9BE1E000E6F7FF /* PrestonOngPersonalityQuizTests.swift in Sources */ = {isa = PBXBuildFile; fileRef = 8415A2A11F9BE1E000E6F7FF /* PrestonOngPersonalityQuizTests.swift */; };
		8415A2AD1F9BEC3D00E6F7FF /* QuestionsViewController.swift in Sources */ = {isa = PBXBuildFile; fileRef = 8415A2AC1F9BEC3D00E6F7FF /* QuestionsViewController.swift */; };
		8415A2AF1F9BEC5400E6F7FF /* ResultsViewController.swift in Sources */ = {isa = PBXBuildFile; fileRef = 8415A2AE1F9BEC5400E6F7FF /* ResultsViewController.swift */; };
		8415A2B11F9BEF1F00E6F7FF /* QuestionData.swift in Sources */ = {isa = PBXBuildFile; fileRef = 8415A2B01F9BEF1F00E6F7FF /* QuestionData.swift */; };
/* End PBXBuildFile section */

/* Begin PBXContainerItemProxy section */
		8415A29E1F9BE1E000E6F7FF /* PBXContainerItemProxy */ = {
			isa = PBXContainerItemProxy;
			containerPortal = 8415A2811F9BE1DF00E6F7FF /* Project object */;
			proxyType = 1;
			remoteGlobalIDString = 8415A2881F9BE1E000E6F7FF;
			remoteInfo = PrestonOngPersonalityQuiz;
		};
/* End PBXContainerItemProxy section */

/* Begin PBXFileReference section */
		8415A2891F9BE1E000E6F7FF /* PrestonOngPersonalityQuiz.app */ = {isa = PBXFileReference; explicitFileType = wrapper.application; includeInIndex = 0; path = PrestonOngPersonalityQuiz.app; sourceTree = BUILT_PRODUCTS_DIR; };
		8415A28C1F9BE1E000E6F7FF /* AppDelegate.swift */ = {isa = PBXFileReference; lastKnownFileType = sourcecode.swift; path = AppDelegate.swift; sourceTree = "<group>"; };
		8415A28E1F9BE1E000E6F7FF /* IntroductionViewController.swift */ = {isa = PBXFileReference; lastKnownFileType = sourcecode.swift; path = IntroductionViewController.swift; sourceTree = "<group>"; };
		8415A2911F9BE1E000E6F7FF /* Base */ = {isa = PBXFileReference; lastKnownFileType = file.storyboard; name = Base; path = Base.lproj/Main.storyboard; sourceTree = "<group>"; };
		8415A2931F9BE1E000E6F7FF /* Assets.xcassets */ = {isa = PBXFileReference; lastKnownFileType = folder.assetcatalog; path = Assets.xcassets; sourceTree = "<group>"; };
		8415A2961F9BE1E000E6F7FF /* Base */ = {isa = PBXFileReference; lastKnownFileType = file.storyboard; name = Base; path = Base.lproj/LaunchScreen.storyboard; sourceTree = "<group>"; };
		8415A2981F9BE1E000E6F7FF /* Info.plist */ = {isa = PBXFileReference; lastKnownFileType = text.plist.xml; path = Info.plist; sourceTree = "<group>"; };
		8415A29D1F9BE1E000E6F7FF /* PrestonOngPersonalityQuizTests.xctest */ = {isa = PBXFileReference; explicitFileType = wrapper.cfbundle; includeInIndex = 0; path = PrestonOngPersonalityQuizTests.xctest; sourceTree = BUILT_PRODUCTS_DIR; };
		8415A2A11F9BE1E000E6F7FF /* PrestonOngPersonalityQuizTests.swift */ = {isa = PBXFileReference; lastKnownFileType = sourcecode.swift; path = PrestonOngPersonalityQuizTests.swift; sourceTree = "<group>"; };
		8415A2A31F9BE1E000E6F7FF /* Info.plist */ = {isa = PBXFileReference; lastKnownFileType = text.plist.xml; path = Info.plist; sourceTree = "<group>"; };
		8415A2AC1F9BEC3D00E6F7FF /* QuestionsViewController.swift */ = {isa = PBXFileReference; lastKnownFileType = sourcecode.swift; path = QuestionsViewController.swift; sourceTree = "<group>"; };
		8415A2AE1F9BEC5400E6F7FF /* ResultsViewController.swift */ = {isa = PBXFileReference; lastKnownFileType = sourcecode.swift; path = ResultsViewController.swift; sourceTree = "<group>"; };
		8415A2B01F9BEF1F00E6F7FF /* QuestionData.swift */ = {isa = PBXFileReference; lastKnownFileType = sourcecode.swift; path = QuestionData.swift; sourceTree = "<group>"; };
/* End PBXFileReference section */

/* Begin PBXFrameworksBuildPhase section */
		8415A2861F9BE1E000E6F7FF /* Frameworks */ = {
			isa = PBXFrameworksBuildPhase;
			buildActionMask = 2147483647;
			files = (
			);
			runOnlyForDeploymentPostprocessing = 0;
		};
		8415A29A1F9BE1E000E6F7FF /* Frameworks */ = {
			isa = PBXFrameworksBuildPhase;
			buildActionMask = 2147483647;
			files = (
			);
			runOnlyForDeploymentPostprocessing = 0;
		};
/* End PBXFrameworksBuildPhase section */

/* Begin PBXGroup section */
		8415A2801F9BE1DF00E6F7FF = {
			isa = PBXGroup;
			children = (
				8415A28B1F9BE1E000E6F7FF /* PrestonOngPersonalityQuiz */,
				8415A2A01F9BE1E000E6F7FF /* PrestonOngPersonalityQuizTests */,
				8415A28A1F9BE1E000E6F7FF /* Products */,
			);
			sourceTree = "<group>";
		};
		8415A28A1F9BE1E000E6F7FF /* Products */ = {
			isa = PBXGroup;
			children = (
				8415A2891F9BE1E000E6F7FF /* PrestonOngPersonalityQuiz.app */,
				8415A29D1F9BE1E000E6F7FF /* PrestonOngPersonalityQuizTests.xctest */,
			);
			name = Products;
			sourceTree = "<group>";
		};
		8415A28B1F9BE1E000E6F7FF /* PrestonOngPersonalityQuiz */ = {
			isa = PBXGroup;
			children = (
				8415A28C1F9BE1E000E6F7FF /* AppDelegate.swift */,
				8415A28E1F9BE1E000E6F7FF /* IntroductionViewController.swift */,
				8415A2AC1F9BEC3D00E6F7FF /* QuestionsViewController.swift */,
				8415A2AE1F9BEC5400E6F7FF /* ResultsViewController.swift */,
				8415A2B01F9BEF1F00E6F7FF /* QuestionData.swift */,
				8415A2901F9BE1E000E6F7FF /* Main.storyboard */,
				8415A2931F9BE1E000E6F7FF /* Assets.xcassets */,
				8415A2951F9BE1E000E6F7FF /* LaunchScreen.storyboard */,
				8415A2981F9BE1E000E6F7FF /* Info.plist */,
			);
			path = PrestonOngPersonalityQuiz;
			sourceTree = "<group>";
		};
		8415A2A01F9BE1E000E6F7FF /* PrestonOngPersonalityQuizTests */ = {
			isa = PBXGroup;
			children = (
				8415A2A11F9BE1E000E6F7FF /* PrestonOngPersonalityQuizTests.swift */,
				8415A2A31F9BE1E000E6F7FF /* Info.plist */,
			);
			path = PrestonOngPersonalityQuizTests;
			sourceTree = "<group>";
		};
/* End PBXGroup section */

/* Begin PBXNativeTarget section */
		8415A2881F9BE1E000E6F7FF /* PrestonOngPersonalityQuiz */ = {
			isa = PBXNativeTarget;
			buildConfigurationList = 8415A2A61F9BE1E000E6F7FF /* Build configuration list for PBXNativeTarget "PrestonOngPersonalityQuiz" */;
			buildPhases = (
				8415A2851F9BE1E000E6F7FF /* Sources */,
				8415A2861F9BE1E000E6F7FF /* Frameworks */,
				8415A2871F9BE1E000E6F7FF /* Resources */,
			);
			buildRules = (
			);
			dependencies = (
			);
			name = PrestonOngPersonalityQuiz;
			productName = PrestonOngPersonalityQuiz;
			productReference = 8415A2891F9BE1E000E6F7FF /* PrestonOngPersonalityQuiz.app */;
			productType = "com.apple.product-type.application";
		};
		8415A29C1F9BE1E000E6F7FF /* PrestonOngPersonalityQuizTests */ = {
			isa = PBXNativeTarget;
			buildConfigurationList = 8415A2A91F9BE1E000E6F7FF /* Build configuration list for PBXNativeTarget "PrestonOngPersonalityQuizTests" */;
			buildPhases = (
				8415A2991F9BE1E000E6F7FF /* Sources */,
				8415A29A1F9BE1E000E6F7FF /* Frameworks */,
				8415A29B1F9BE1E000E6F7FF /* Resources */,
			);
			buildRules = (
			);
			dependencies = (
				8415A29F1F9BE1E000E6F7FF /* PBXTargetDependency */,
			);
			name = PrestonOngPersonalityQuizTests;
			productName = PrestonOngPersonalityQuizTests;
			productReference = 8415A29D1F9BE1E000E6F7FF /* PrestonOngPersonalityQuizTests.xctest */;
			productType = "com.apple.product-type.bundle.unit-test";
		};
/* End PBXNativeTarget section */

/* Begin PBXProject section */
		8415A2811F9BE1DF00E6F7FF /* Project object */ = {
			isa = PBXProject;
			attributes = {
				LastSwiftUpdateCheck = 0900;
				LastUpgradeCheck = 0900;
				ORGANIZATIONNAME = "Preston Ong";
				TargetAttributes = {
					8415A2881F9BE1E000E6F7FF = {
						CreatedOnToolsVersion = 9.0.1;
						ProvisioningStyle = Automatic;
					};
					8415A29C1F9BE1E000E6F7FF = {
						CreatedOnToolsVersion = 9.0.1;
						ProvisioningStyle = Automatic;
						TestTargetID = 8415A2881F9BE1E000E6F7FF;
					};
				};
			};
			buildConfigurationList = 8415A2841F9BE1DF00E6F7FF /* Build configuration list for PBXProject "PrestonOngPersonalityQuiz" */;
			compatibilityVersion = "Xcode 8.0";
			developmentRegion = en;
			hasScannedForEncodings = 0;
			knownRegions = (
				en,
				Base,
			);
			mainGroup = 8415A2801F9BE1DF00E6F7FF;
			productRefGroup = 8415A28A1F9BE1E000E6F7FF /* Products */;
			projectDirPath = "";
			projectRoot = "";
			targets = (
				8415A2881F9BE1E000E6F7FF /* PrestonOngPersonalityQuiz */,
				8415A29C1F9BE1E000E6F7FF /* PrestonOngPersonalityQuizTests */,
			);
		};
/* End PBXProject section */

/* Begin PBXResourcesBuildPhase section */
		8415A2871F9BE1E000E6F7FF /* Resources */ = {
			isa = PBXResourcesBuildPhase;
			buildActionMask = 2147483647;
			files = (
				8415A2971F9BE1E000E6F7FF /* LaunchScreen.storyboard in Resources */,
				8415A2941F9BE1E000E6F7FF /* Assets.xcassets in Resources */,
				8415A2921F9BE1E000E6F7FF /* Main.storyboard in Resources */,
			);
			runOnlyForDeploymentPostprocessing = 0;
		};
		8415A29B1F9BE1E000E6F7FF /* Resources */ = {
			isa = PBXResourcesBuildPhase;
			buildActionMask = 2147483647;
			files = (
			);
			runOnlyForDeploymentPostprocessing = 0;
		};
/* End PBXResourcesBuildPhase section */

/* Begin PBXSourcesBuildPhase section */
		8415A2851F9BE1E000E6F7FF /* Sources */ = {
			isa = PBXSourcesBuildPhase;
			buildActionMask = 2147483647;
			files = (
				8415A28F1F9BE1E000E6F7FF /* IntroductionViewController.swift in Sources */,
				8415A28D1F9BE1E000E6F7FF /* AppDelegate.swift in Sources */,
				8415A2B11F9BEF1F00E6F7FF /* QuestionData.swift in Sources */,
				8415A2AD1F9BEC3D00E6F7FF /* QuestionsViewController.swift in Sources */,
				8415A2AF1F9BEC5400E6F7FF /* ResultsViewController.swift in Sources */,
			);
			runOnlyForDeploymentPostprocessing = 0;
		};
		8415A2991F9BE1E000E6F7FF /* Sources */ = {
			isa = PBXSourcesBuildPhase;
			buildActionMask = 2147483647;
			files = (
				8415A2A21F9BE1E000E6F7FF /* PrestonOngPersonalityQuizTests.swift in Sources */,
			);
			runOnlyForDeploymentPostprocessing = 0;
		};
/* End PBXSourcesBuildPhase section */

/* Begin PBXTargetDependency section */
		8415A29F1F9BE1E000E6F7FF /* PBXTargetDependency */ = {
			isa = PBXTargetDependency;
			target = 8415A2881F9BE1E000E6F7FF /* PrestonOngPersonalityQuiz */;
			targetProxy = 8415A29E1F9BE1E000E6F7FF /* PBXContainerItemProxy */;
		};
/* End PBXTargetDependency section */

/* Begin PBXVariantGroup section */
		8415A2901F9BE1E000E6F7FF /* Main.storyboard */ = {
			isa = PBXVariantGroup;
			children = (
				8415A2911F9BE1E000E6F7FF /* Base */,
			);
			name = Main.storyboard;
			sourceTree = "<group>";
		};
		8415A2951F9BE1E000E6F7FF /* LaunchScreen.storyboard */ = {
			isa = PBXVariantGroup;
			children = (
				8415A2961F9BE1E000E6F7FF /* Base */,
			);
			name = LaunchScreen.storyboard;
			sourceTree = "<group>";
		};
/* End PBXVariantGroup section */

/* Begin XCBuildConfiguration section */
		8415A2A41F9BE1E000E6F7FF /* Debug */ = {
			isa = XCBuildConfiguration;
			buildSettings = {
				ALWAYS_SEARCH_USER_PATHS = NO;
				CLANG_ANALYZER_NONNULL = YES;
				CLANG_ANALYZER_NUMBER_OBJECT_CONVERSION = YES_AGGRESSIVE;
				CLANG_CXX_LANGUAGE_STANDARD = "gnu++14";
				CLANG_CXX_LIBRARY = "libc++";
				CLANG_ENABLE_MODULES = YES;
				CLANG_ENABLE_OBJC_ARC = YES;
				CLANG_WARN_BLOCK_CAPTURE_AUTORELEASING = YES;
				CLANG_WARN_BOOL_CONVERSION = YES;
				CLANG_WARN_COMMA = YES;
				CLANG_WARN_CONSTANT_CONVERSION = YES;
				CLANG_WARN_DIRECT_OBJC_ISA_USAGE = YES_ERROR;
				CLANG_WARN_DOCUMENTATION_COMMENTS = YES;
				CLANG_WARN_EMPTY_BODY = YES;
				CLANG_WARN_ENUM_CONVERSION = YES;
				CLANG_WARN_INFINITE_RECURSION = YES;
				CLANG_WARN_INT_CONVERSION = YES;
				CLANG_WARN_NON_LITERAL_NULL_CONVERSION = YES;
				CLANG_WARN_OBJC_LITERAL_CONVERSION = YES;
				CLANG_WARN_OBJC_ROOT_CLASS = YES_ERROR;
				CLANG_WARN_RANGE_LOOP_ANALYSIS = YES;
				CLANG_WARN_STRICT_PROTOTYPES = YES;
				CLANG_WARN_SUSPICIOUS_MOVE = YES;
				CLANG_WARN_UNGUARDED_AVAILABILITY = YES_AGGRESSIVE;
				CLANG_WARN_UNREACHABLE_CODE = YES;
				CLANG_WARN__DUPLICATE_METHOD_MATCH = YES;
				CODE_SIGN_IDENTITY = "iPhone Developer";
				COPY_PHASE_STRIP = NO;
				DEBUG_INFORMATION_FORMAT = dwarf;
				ENABLE_STRICT_OBJC_MSGSEND = YES;
				ENABLE_TESTABILITY = YES;
				GCC_C_LANGUAGE_STANDARD = gnu11;
				GCC_DYNAMIC_NO_PIC = NO;
				GCC_NO_COMMON_BLOCKS = YES;
				GCC_OPTIMIZATION_LEVEL = 0;
				GCC_PREPROCESSOR_DEFINITIONS = (
					"DEBUG=1",
					"$(inherited)",
				);
				GCC_WARN_64_TO_32_BIT_CONVERSION = YES;
				GCC_WARN_ABOUT_RETURN_TYPE = YES_ERROR;
				GCC_WARN_UNDECLARED_SELECTOR = YES;
				GCC_WARN_UNINITIALIZED_AUTOS = YES_AGGRESSIVE;
				GCC_WARN_UNUSED_FUNCTION = YES;
				GCC_WARN_UNUSED_VARIABLE = YES;
				IPHONEOS_DEPLOYMENT_TARGET = 11.0;
				MTL_ENABLE_DEBUG_INFO = YES;
				ONLY_ACTIVE_ARCH = YES;
				SDKROOT = iphoneos;
				SWIFT_ACTIVE_COMPILATION_CONDITIONS = DEBUG;
				SWIFT_OPTIMIZATION_LEVEL = "-Onone";
			};
			name = Debug;
		};
		8415A2A51F9BE1E000E6F7FF /* Release */ = {
			isa = XCBuildConfiguration;
			buildSettings = {
				ALWAYS_SEARCH_USER_PATHS = NO;
				CLANG_ANALYZER_NONNULL = YES;
				CLANG_ANALYZER_NUMBER_OBJECT_CONVERSION = YES_AGGRESSIVE;
				CLANG_CXX_LANGUAGE_STANDARD = "gnu++14";
				CLANG_CXX_LIBRARY = "libc++";
				CLANG_ENABLE_MODULES = YES;
				CLANG_ENABLE_OBJC_ARC = YES;
				CLANG_WARN_BLOCK_CAPTURE_AUTORELEASING = YES;
				CLANG_WARN_BOOL_CONVERSION = YES;
				CLANG_WARN_COMMA = YES;
				CLANG_WARN_CONSTANT_CONVERSION = YES;
				CLANG_WARN_DIRECT_OBJC_ISA_USAGE = YES_ERROR;
				CLANG_WARN_DOCUMENTATION_COMMENTS = YES;
				CLANG_WARN_EMPTY_BODY = YES;
				CLANG_WARN_ENUM_CONVERSION = YES;
				CLANG_WARN_INFINITE_RECURSION = YES;
				CLANG_WARN_INT_CONVERSION = YES;
				CLANG_WARN_NON_LITERAL_NULL_CONVERSION = YES;
				CLANG_WARN_OBJC_LITERAL_CONVERSION = YES;
				CLANG_WARN_OBJC_ROOT_CLASS = YES_ERROR;
				CLANG_WARN_RANGE_LOOP_ANALYSIS = YES;
				CLANG_WARN_STRICT_PROTOTYPES = YES;
				CLANG_WARN_SUSPICIOUS_MOVE = YES;
				CLANG_WARN_UNGUARDED_AVAILABILITY = YES_AGGRESSIVE;
				CLANG_WARN_UNREACHABLE_CODE = YES;
				CLANG_WARN__DUPLICATE_METHOD_MATCH = YES;
				CODE_SIGN_IDENTITY = "iPhone Developer";
				COPY_PHASE_STRIP = NO;
				DEBUG_INFORMATION_FORMAT = "dwarf-with-dsym";
				ENABLE_NS_ASSERTIONS = NO;
				ENABLE_STRICT_OBJC_MSGSEND = YES;
				GCC_C_LANGUAGE_STANDARD = gnu11;
				GCC_NO_COMMON_BLOCKS = YES;
				GCC_WARN_64_TO_32_BIT_CONVERSION = YES;
				GCC_WARN_ABOUT_RETURN_TYPE = YES_ERROR;
				GCC_WARN_UNDECLARED_SELECTOR = YES;
				GCC_WARN_UNINITIALIZED_AUTOS = YES_AGGRESSIVE;
				GCC_WARN_UNUSED_FUNCTION = YES;
				GCC_WARN_UNUSED_VARIABLE = YES;
				IPHONEOS_DEPLOYMENT_TARGET = 11.0;
				MTL_ENABLE_DEBUG_INFO = NO;
				SDKROOT = iphoneos;
				SWIFT_OPTIMIZATION_LEVEL = "-Owholemodule";
				VALIDATE_PRODUCT = YES;
			};
			name = Release;
		};
		8415A2A71F9BE1E000E6F7FF /* Debug */ = {
			isa = XCBuildConfiguration;
			buildSettings = {
				ASSETCATALOG_COMPILER_APPICON_NAME = AppIcon;
				CODE_SIGN_STYLE = Automatic;
				DEVELOPMENT_TEAM = SDLABV6Y98;
				INFOPLIST_FILE = PrestonOngPersonalityQuiz/Info.plist;
				LD_RUNPATH_SEARCH_PATHS = "$(inherited) @executable_path/Frameworks";
				PRODUCT_BUNDLE_IDENTIFIER = com.prestonong9696.PrestonOngPersonalityQuiz;
				PRODUCT_NAME = "$(TARGET_NAME)";
				SWIFT_VERSION = 4.0;
				TARGETED_DEVICE_FAMILY = "1,2";
			};
			name = Debug;
		};
		8415A2A81F9BE1E000E6F7FF /* Release */ = {
			isa = XCBuildConfiguration;
			buildSettings = {
				ASSETCATALOG_COMPILER_APPICON_NAME = AppIcon;
				CODE_SIGN_STYLE = Automatic;
				DEVELOPMENT_TEAM = SDLABV6Y98;
				INFOPLIST_FILE = PrestonOngPersonalityQuiz/Info.plist;
				LD_RUNPATH_SEARCH_PATHS = "$(inherited) @executable_path/Frameworks";
				PRODUCT_BUNDLE_IDENTIFIER = com.prestonong9696.PrestonOngPersonalityQuiz;
				PRODUCT_NAME = "$(TARGET_NAME)";
				SWIFT_VERSION = 4.0;
				TARGETED_DEVICE_FAMILY = "1,2";
			};
			name = Release;
		};
		8415A2AA1F9BE1E000E6F7FF /* Debug */ = {
			isa = XCBuildConfiguration;
			buildSettings = {
				ALWAYS_EMBED_SWIFT_STANDARD_LIBRARIES = YES;
				BUNDLE_LOADER = "$(TEST_HOST)";
				CODE_SIGN_STYLE = Automatic;
				DEVELOPMENT_TEAM = SDLABV6Y98;
				INFOPLIST_FILE = PrestonOngPersonalityQuizTests/Info.plist;
				LD_RUNPATH_SEARCH_PATHS = "$(inherited) @executable_path/Frameworks @loader_path/Frameworks";
				PRODUCT_BUNDLE_IDENTIFIER = com.prestonong9696.PrestonOngPersonalityQuizTests;
				PRODUCT_NAME = "$(TARGET_NAME)";
				SWIFT_VERSION = 4.0;
				TARGETED_DEVICE_FAMILY = "1,2";
				TEST_HOST = "$(BUILT_PRODUCTS_DIR)/PrestonOngPersonalityQuiz.app/PrestonOngPersonalityQuiz";
			};
			name = Debug;
		};
		8415A2AB1F9BE1E000E6F7FF /* Release */ = {
			isa = XCBuildConfiguration;
			buildSettings = {
				ALWAYS_EMBED_SWIFT_STANDARD_LIBRARIES = YES;
				BUNDLE_LOADER = "$(TEST_HOST)";
				CODE_SIGN_STYLE = Automatic;
				DEVELOPMENT_TEAM = SDLABV6Y98;
				INFOPLIST_FILE = PrestonOngPersonalityQuizTests/Info.plist;
				LD_RUNPATH_SEARCH_PATHS = "$(inherited) @executable_path/Frameworks @loader_path/Frameworks";
				PRODUCT_BUNDLE_IDENTIFIER = com.prestonong9696.PrestonOngPersonalityQuizTests;
				PRODUCT_NAME = "$(TARGET_NAME)";
				SWIFT_VERSION = 4.0;
				TARGETED_DEVICE_FAMILY = "1,2";
				TEST_HOST = "$(BUILT_PRODUCTS_DIR)/PrestonOngPersonalityQuiz.app/PrestonOngPersonalityQuiz";
			};
			name = Release;
		};
/* End XCBuildConfiguration section */

/* Begin XCConfigurationList section */
		8415A2841F9BE1DF00E6F7FF /* Build configuration list for PBXProject "PrestonOngPersonalityQuiz" */ = {
			isa = XCConfigurationList;
			buildConfigurations = (
				8415A2A41F9BE1E000E6F7FF /* Debug */,
				8415A2A51F9BE1E000E6F7FF /* Release */,
			);
			defaultConfigurationIsVisible = 0;
			defaultConfigurationName = Release;
		};
		8415A2A61F9BE1E000E6F7FF /* Build configuration list for PBXNativeTarget "PrestonOngPersonalityQuiz" */ = {
			isa = XCConfigurationList;
			buildConfigurations = (
				8415A2A71F9BE1E000E6F7FF /* Debug */,
				8415A2A81F9BE1E000E6F7FF /* Release */,
			);
			defaultConfigurationIsVisible = 0;
			defaultConfigurationName = Release;
		};
		8415A2A91F9BE1E000E6F7FF /* Build configuration list for PBXNativeTarget "PrestonOngPersonalityQuizTests" */ = {
			isa = XCConfigurationList;
			buildConfigurations = (
				8415A2AA1F9BE1E000E6F7FF /* Debug */,
				8415A2AB1F9BE1E000E6F7FF /* Release */,
			);
			defaultConfigurationIsVisible = 0;
			defaultConfigurationName = Release;
		};
/* End XCConfigurationList section */
	};
	rootObject = 8415A2811F9BE1DF00E6F7FF /* Project object */;
}
